
Microsoft Visual Studio Solution File, Format Version 9.00
# Visual Studio 2005
Project("{FAE04EC0-301F-11D3-BF4B-00C04F79EFBC}") = "Updater", "Updater\Updater.csproj", "{46B77461-46DC-45EF-B26E-15A2E637367F}"
EndProject
Project("{FAE04EC0-301F-11D3-BF4B-00C04F79EFBC}") = "Updater2", "Updater2\Updater2.csproj", "{1833319B-0B06-4933-A1D7-54BDCF861130}"
EndProject
Global
	GlobalSection(SolutionConfigurationPlatforms) = preSolution
		Debug|Any CPU = Debug|Any CPU
		Release|Any CPU = Release|Any CPU
	EndGlobalSection
	GlobalSection(ProjectConfigurationPlatforms) = postSolution
		{46B77461-46DC-45EF-B26E-15A2E637367F}.Debug|Any CPU.ActiveCfg = Debug|Any CPU
		{46B77461-46DC-45EF-B26E-15A2E637367F}.Debug|Any CPU.Build.0 = Debug|Any CPU
		{46B77461-46DC-45EF-B26E-15A2E637367F}.Release|Any CPU.ActiveCfg = Release|Any CPU
		{46B77461-46DC-45EF-B26E-15A2E637367F}.Release|Any CPU.Build.0 = Release|Any CPU
		{1833319B-0B06-4933-A1D7-54BDCF861130}.Debug|Any CPU.ActiveCfg = Debug|Any CPU
		{1833319B-0B06-4933-A1D7-54BDCF861130}.Debug|Any CPU.Build.0 = Debug|Any CPU
		{1833319B-0B06-4933-A1D7-54BDCF861130}.Release|Any CPU.ActiveCfg = Release|Any CPU
		{1833319B-0B06-4933-A1D7-54BDCF861130}.Release|Any CPU.Build.0 = Release|Any CPU
	EndGlobalSection
	GlobalSection(SolutionProperties) = preSolution
		HideSolutionNode = FALSE
	EndGlobalSection
EndGlobal
